
Microsoft Visual Studio Solution File, Format Version 12.00
# Visual Studio 15
VisualStudioVersion = 15.0.28307.757
MinimumVisualStudioVersion = 10.0.40219.1
Project("{FAE04EC0-301F-11D3-BF4B-00C04F79EFBC}") = "Comisiones", "Comisiones\Comisiones.csproj", "{F1A1932F-BEC4-40CB-8675-CC46FAFD737E}"
EndProject
Project("{FAE04EC0-301F-11D3-BF4B-00C04F79EFBC}") = "servicioComisiones", "servicioComisiones\servicioComisiones.csproj", "{6163D841-7865-4922-B3D8-FFD3217FE9E3}"
EndProject
Global
	GlobalSection(SolutionConfigurationPlatforms) = preSolution
		Debug|Any CPU = Debug|Any CPU
		Release|Any CPU = Release|Any CPU
	EndGlobalSection
	GlobalSection(ProjectConfigurationPlatforms) = postSolution
		{F1A1932F-BEC4-40CB-8675-CC46FAFD737E}.Debug|Any CPU.ActiveCfg = Debug|Any CPU
		{F1A1932F-BEC4-40CB-8675-CC46FAFD737E}.Debug|Any CPU.Build.0 = Debug|Any CPU
		{F1A1932F-BEC4-40CB-8675-CC46FAFD737E}.Release|Any CPU.ActiveCfg = Release|Any CPU
		{F1A1932F-BEC4-40CB-8675-CC46FAFD737E}.Release|Any CPU.Build.0 = Release|Any CPU
		{6163D841-7865-4922-B3D8-FFD3217FE9E3}.Debug|Any CPU.ActiveCfg = Debug|Any CPU
		{6163D841-7865-4922-B3D8-FFD3217FE9E3}.Debug|Any CPU.Build.0 = Debug|Any CPU
		{6163D841-7865-4922-B3D8-FFD3217FE9E3}.Release|Any CPU.ActiveCfg = Release|Any CPU
		{6163D841-7865-4922-B3D8-FFD3217FE9E3}.Release|Any CPU.Build.0 = Release|Any CPU
	EndGlobalSection
	GlobalSection(SolutionProperties) = preSolution
		HideSolutionNode = FALSE
	EndGlobalSection
	GlobalSection(ExtensibilityGlobals) = postSolution
		SolutionGuid = {5DB94F65-4FFA-4DBE-B52B-468B85FC376C}
	EndGlobalSection
EndGlobal
